
Microsoft Visual Studio Solution File, Format Version 12.00
# Visual Studio Version 16
VisualStudioVersion = 16.0.30309.148
MinimumVisualStudioVersion = 10.0.40219.1
Project("{FAE04EC0-301F-11D3-BF4B-00C04F79EFBC}") = "test parser", "test parser\test parser.csproj", "{DA34D729-145E-4378-ADD6-ED2123314427}"
EndProject
Global
	GlobalSection(SolutionConfigurationPlatforms) = preSolution
		Debug|Any CPU = Debug|Any CPU
		Release|Any CPU = Release|Any CPU
	EndGlobalSection
	GlobalSection(ProjectConfigurationPlatforms) = postSolution
		{DA34D729-145E-4378-ADD6-ED2123314427}.Debug|Any CPU.ActiveCfg = Debug|Any CPU
		{DA34D729-145E-4378-ADD6-ED2123314427}.Debug|Any CPU.Build.0 = Debug|Any CPU
		{DA34D729-145E-4378-ADD6-ED2123314427}.Release|Any CPU.ActiveCfg = Release|Any CPU
		{DA34D729-145E-4378-ADD6-ED2123314427}.Release|Any CPU.Build.0 = Release|Any CPU
	EndGlobalSection
	GlobalSection(SolutionProperties) = preSolution
		HideSolutionNode = FALSE
	EndGlobalSection
	GlobalSection(ExtensibilityGlobals) = postSolution
		SolutionGuid = {627F7D70-4317-4E27-A821-EF8F2B2BF3F9}
	EndGlobalSection
EndGlobal
